
Microsoft Visual Studio Solution File, Format Version 12.00
# Visual Studio 2013
VisualStudioVersion = 12.0.40629.0
MinimumVisualStudioVersion = 10.0.40219.1
Project("{FAE04EC0-301F-11D3-BF4B-00C04F79EFBC}") = "PVendas", "PVendas\PVendas.csproj", "{F7419000-195C-4CB6-8A1D-62C6559B32EF}"
EndProject
Project("{FAE04EC0-301F-11D3-BF4B-00C04F79EFBC}") = "Atividade9", "..\..\..\..\Downloads\LP2-main\LP2-main\Atividade_9\Atividade9\Atividade9\Atividade9.csproj", "{8BB80169-C3FA-474D-B285-46233D8ED691}"
EndProject
Global
	GlobalSection(SolutionConfigurationPlatforms) = preSolution
		Debug|Any CPU = Debug|Any CPU
		Release|Any CPU = Release|Any CPU
	EndGlobalSection
	GlobalSection(ProjectConfigurationPlatforms) = postSolution
		{F7419000-195C-4CB6-8A1D-62C6559B32EF}.Debug|Any CPU.ActiveCfg = Debug|Any CPU
		{F7419000-195C-4CB6-8A1D-62C6559B32EF}.Debug|Any CPU.Build.0 = Debug|Any CPU
		{F7419000-195C-4CB6-8A1D-62C6559B32EF}.Release|Any CPU.ActiveCfg = Release|Any CPU
		{F7419000-195C-4CB6-8A1D-62C6559B32EF}.Release|Any CPU.Build.0 = Release|Any CPU
		{8BB80169-C3FA-474D-B285-46233D8ED691}.Debug|Any CPU.ActiveCfg = Debug|Any CPU
		{8BB80169-C3FA-474D-B285-46233D8ED691}.Debug|Any CPU.Build.0 = Debug|Any CPU
		{8BB80169-C3FA-474D-B285-46233D8ED691}.Release|Any CPU.ActiveCfg = Release|Any CPU
		{8BB80169-C3FA-474D-B285-46233D8ED691}.Release|Any CPU.Build.0 = Release|Any CPU
	EndGlobalSection
	GlobalSection(SolutionProperties) = preSolution
		HideSolutionNode = FALSE
	EndGlobalSection
	GlobalSection(ExtensibilityGlobals) = postSolution
		SolutionGuid = {AE6C9F79-CEE9-418C-ADAC-5878BC223404}
	EndGlobalSection
EndGlobal
